
Microsoft Visual Studio Solution File, Format Version 12.00
# Visual Studio 15
VisualStudioVersion = 15.0.28307.1972
MinimumVisualStudioVersion = 10.0.40219.1
Project("{FAE04EC0-301F-11D3-BF4B-00C04F79EFBC}") = "ShiftArrayElements", "ShiftArrayElements\ShiftArrayElements.csproj", "{25A5AC9B-6D89-47B7-9E3C-741758F9C31E}"
EndProject
Project("{FAE04EC0-301F-11D3-BF4B-00C04F79EFBC}") = "ShiftArrayElements.Test", "ShiftArrayElements.Test\ShiftArrayElements.Test.csproj", "{2C91E4B7-D826-4D12-BB1A-BDDDBEC93501}"
EndProject
Project("{2150E333-8FDC-42A3-9474-1A3956D46DE8}") = "Solution Items", "Solution Items", "{052A029F-7673-4D6E-A4D7-925BBEDCC3A6}"
	ProjectSection(SolutionItems) = preProject
		Readme.txt = Readme.txt
	EndProjectSection
EndProject
Global
	GlobalSection(SolutionConfigurationPlatforms) = preSolution
		Debug|Any CPU = Debug|Any CPU
		Release|Any CPU = Release|Any CPU
	EndGlobalSection
	GlobalSection(ProjectConfigurationPlatforms) = postSolution
		{25A5AC9B-6D89-47B7-9E3C-741758F9C31E}.Debug|Any CPU.ActiveCfg = Debug|Any CPU
		{25A5AC9B-6D89-47B7-9E3C-741758F9C31E}.Debug|Any CPU.Build.0 = Debug|Any CPU
		{25A5AC9B-6D89-47B7-9E3C-741758F9C31E}.Release|Any CPU.ActiveCfg = Release|Any CPU
		{25A5AC9B-6D89-47B7-9E3C-741758F9C31E}.Release|Any CPU.Build.0 = Release|Any CPU
		{2C91E4B7-D826-4D12-BB1A-BDDDBEC93501}.Debug|Any CPU.ActiveCfg = Debug|Any CPU
		{2C91E4B7-D826-4D12-BB1A-BDDDBEC93501}.Debug|Any CPU.Build.0 = Debug|Any CPU
		{2C91E4B7-D826-4D12-BB1A-BDDDBEC93501}.Release|Any CPU.ActiveCfg = Release|Any CPU
		{2C91E4B7-D826-4D12-BB1A-BDDDBEC93501}.Release|Any CPU.Build.0 = Release|Any CPU
	EndGlobalSection
	GlobalSection(SolutionProperties) = preSolution
		HideSolutionNode = FALSE
	EndGlobalSection
	GlobalSection(ExtensibilityGlobals) = postSolution
		SolutionGuid = {4A90D16A-EC2E-4F35-9207-80CA906FFCC8}
	EndGlobalSection
EndGlobal
